
Microsoft Visual Studio Solution File, Format Version 12.00
# Visual Studio Version 17
VisualStudioVersion = 17.9.34622.214
MinimumVisualStudioVersion = 10.0.40219.1
Project("{FAE04EC0-301F-11D3-BF4B-00C04F79EFBC}") = "csharp-biblioteca", "csharp-biblioteca\csharp-biblioteca.csproj", "{D03DCAE6-2BAA-43E0-887C-B7A642E72D69}"
EndProject
Global
	GlobalSection(SolutionConfigurationPlatforms) = preSolution
		Debug|Any CPU = Debug|Any CPU
		Release|Any CPU = Release|Any CPU
	EndGlobalSection
	GlobalSection(ProjectConfigurationPlatforms) = postSolution
		{D03DCAE6-2BAA-43E0-887C-B7A642E72D69}.Debug|Any CPU.ActiveCfg = Debug|Any CPU
		{D03DCAE6-2BAA-43E0-887C-B7A642E72D69}.Debug|Any CPU.Build.0 = Debug|Any CPU
		{D03DCAE6-2BAA-43E0-887C-B7A642E72D69}.Release|Any CPU.ActiveCfg = Release|Any CPU
		{D03DCAE6-2BAA-43E0-887C-B7A642E72D69}.Release|Any CPU.Build.0 = Release|Any CPU
	EndGlobalSection
	GlobalSection(SolutionProperties) = preSolution
		HideSolutionNode = FALSE
	EndGlobalSection
	GlobalSection(ExtensibilityGlobals) = postSolution
		SolutionGuid = {C09FC461-457B-44A0-87E1-682DE5FC1676}
	EndGlobalSection
EndGlobal
